
Microsoft Visual Studio Solution File, Format Version 12.00
# Visual Studio Version 17
VisualStudioVersion = 17.0.31717.71
MinimumVisualStudioVersion = 10.0.40219.1
Project("{9A19103F-16F7-4668-BE54-9A1E7A4F7556}") = "Ndr0n", "Ndr0n.csproj", "{D86D5747-4E38-4FC4-A935-398E24ED1F75}"
EndProject
Global
	GlobalSection(SolutionConfigurationPlatforms) = preSolution
		Debug|Any CPU = Debug|Any CPU
		Release|Any CPU = Release|Any CPU
	EndGlobalSection
	GlobalSection(ProjectConfigurationPlatforms) = postSolution
		{D86D5747-4E38-4FC4-A935-398E24ED1F75}.Debug|Any CPU.ActiveCfg = Debug|Any CPU
		{D86D5747-4E38-4FC4-A935-398E24ED1F75}.Debug|Any CPU.Build.0 = Debug|Any CPU
		{D86D5747-4E38-4FC4-A935-398E24ED1F75}.Release|Any CPU.ActiveCfg = Release|Any CPU
		{D86D5747-4E38-4FC4-A935-398E24ED1F75}.Release|Any CPU.Build.0 = Release|Any CPU
	EndGlobalSection
	GlobalSection(SolutionProperties) = preSolution
		HideSolutionNode = FALSE
	EndGlobalSection
	GlobalSection(ExtensibilityGlobals) = postSolution
		SolutionGuid = {5ABBC5A1-957E-4B34-8FD0-8D2729556316}
	EndGlobalSection
EndGlobal